// !$*UTF8*$!
{
	archiveVersion = 1;
	classes = {
	};
	objectVersion = 48;
	objects = {

/* Begin PBXBuildFile section */
		DC05E6DF225121EB0089DF32 /* AppDelegate.swift in Sources */ = {isa = PBXBuildFile; fileRef = DC05E6DE225121EB0089DF32 /* AppDelegate.swift */; };
		DC05E6E4225121EB0089DF32 /* Main.storyboard in Resources */ = {isa = PBXBuildFile; fileRef = DC05E6E2225121EB0089DF32 /* Main.storyboard */; };
		DC05E6E7225121EB0089DF32 /* test.xcdatamodeld in Sources */ = {isa = PBXBuildFile; fileRef = DC05E6E5225121EB0089DF32 /* test.xcdatamodeld */; };
		DC05E6E9225121EB0089DF32 /* Assets.xcassets in Resources */ = {isa = PBXBuildFile; fileRef = DC05E6E8225121EB0089DF32 /* Assets.xcassets */; };
		DC05E6EC225121EB0089DF32 /* LaunchScreen.storyboard in Resources */ = {isa = PBXBuildFile; fileRef = DC05E6EA225121EB0089DF32 /* LaunchScreen.storyboard */; };
		DC05E6F4225122250089DF32 /* HomeMovieCollectionViewController.swift in Sources */ = {isa = PBXBuildFile; fileRef = DC05E6F3225122250089DF32 /* HomeMovieCollectionViewController.swift */; };
		DC05E6F62251229F0089DF32 /* MovieCollectionViewCell.swift in Sources */ = {isa = PBXBuildFile; fileRef = DC05E6F52251229F0089DF32 /* MovieCollectionViewCell.swift */; };
		DC078AD522528F5C00CE7D27 /* SplashScreenUiViewController.swift in Sources */ = {isa = PBXBuildFile; fileRef = DC078AD422528F5C00CE7D27 /* SplashScreenUiViewController.swift */; };
		DC078AD7225296DB00CE7D27 /* MainScreenTabBarController.swift in Sources */ = {isa = PBXBuildFile; fileRef = DC078AD6225296DB00CE7D27 /* MainScreenTabBarController.swift */; };
		DC078AD92252979700CE7D27 /* NavigationScreen.swift in Sources */ = {isa = PBXBuildFile; fileRef = DC078AD82252979700CE7D27 /* NavigationScreen.swift */; };
		DC078ADD2252A24000CE7D27 /* logo.png in Resources */ = {isa = PBXBuildFile; fileRef = DC078ADC2252A23F00CE7D27 /* logo.png */; };
		DC0CB8F72252BEA900BF65E7 /* MovieDetailsViewController.swift in Sources */ = {isa = PBXBuildFile; fileRef = DC0CB8F62252BEA900BF65E7 /* MovieDetailsViewController.swift */; };
		DC1139A52257AED100424604 /* Trailer.swift in Sources */ = {isa = PBXBuildFile; fileRef = DC1139A42257AED100424604 /* Trailer.swift */; };
		DC1139A72257AEFF00424604 /* Review.swift in Sources */ = {isa = PBXBuildFile; fileRef = DC1139A62257AEFF00424604 /* Review.swift */; };
		DC37D2D82252A03D009348DE /* AppConstants.swift in Sources */ = {isa = PBXBuildFile; fileRef = DC37D2D72252A03D009348DE /* AppConstants.swift */; };
		DC37D2DC2252A1EB009348DE /* Movie.swift in Sources */ = {isa = PBXBuildFile; fileRef = DC37D2DB2252A1EB009348DE /* Movie.swift */; };
		DC7B0C4E2252C836007874A8 /* MovieTrailersTableCell.swift in Sources */ = {isa = PBXBuildFile; fileRef = DC7B0C4D2252C836007874A8 /* MovieTrailersTableCell.swift */; };
		DC8B3F23225677CF002F2786 /* MovieDao.swift in Sources */ = {isa = PBXBuildFile; fileRef = DC8B3F22225677CF002F2786 /* MovieDao.swift */; };
		DCD20F23225675C100A5B11E /* Utilities.swift in Sources */ = {isa = PBXBuildFile; fileRef = DCD20F22225675C100A5B11E /* Utilities.swift */; };
		DCFDBD5C2254151C00049547 /* BuildFile in Sources */ = {isa = PBXBuildFile; };
		E8BDBA6DEAB547DD288B2820 /* Pods_test.framework in Frameworks */ = {isa = PBXBuildFile; fileRef = A599A047BD8BE84A4DCCA4CC /* Pods_test.framework */; };
/* End PBXBuildFile section */

/* Begin PBXFileReference section */
		0B25721841ACB4F280463A55 /* Pods-test.release.xcconfig */ = {isa = PBXFileReference; includeInIndex = 1; lastKnownFileType = text.xcconfig; name = "Pods-test.release.xcconfig"; path = "Target Support Files/Pods-test/Pods-test.release.xcconfig"; sourceTree = "<group>"; };
		A599A047BD8BE84A4DCCA4CC /* Pods_test.framework */ = {isa = PBXFileReference; explicitFileType = wrapper.framework; includeInIndex = 0; path = Pods_test.framework; sourceTree = BUILT_PRODUCTS_DIR; };
		C3AC3C76FBCDED21CB08FC3B /* Pods-test.debug.xcconfig */ = {isa = PBXFileReference; includeInIndex = 1; lastKnownFileType = text.xcconfig; name = "Pods-test.debug.xcconfig"; path = "Target Support Files/Pods-test/Pods-test.debug.xcconfig"; sourceTree = "<group>"; };
		DC05E6DB225121EB0089DF32 /* test.app */ = {isa = PBXFileReference; explicitFileType = wrapper.application; includeInIndex = 0; path = test.app; sourceTree = BUILT_PRODUCTS_DIR; };
		DC05E6DE225121EB0089DF32 /* AppDelegate.swift */ = {isa = PBXFileReference; lastKnownFileType = sourcecode.swift; path = AppDelegate.swift; sourceTree = "<group>"; };
		DC05E6E3225121EB0089DF32 /* Base */ = {isa = PBXFileReference; lastKnownFileType = file.storyboard; name = Base; path = Base.lproj/Main.storyboard; sourceTree = "<group>"; };
		DC05E6E6225121EB0089DF32 /* test.xcdatamodel */ = {isa = PBXFileReference; lastKnownFileType = wrapper.xcdatamodel; path = test.xcdatamodel; sourceTree = "<group>"; };
		DC05E6E8225121EB0089DF32 /* Assets.xcassets */ = {isa = PBXFileReference; lastKnownFileType = folder.assetcatalog; path = Assets.xcassets; sourceTree = "<group>"; };
		DC05E6EB225121EB0089DF32 /* Base */ = {isa = PBXFileReference; lastKnownFileType = file.storyboard; name = Base; path = Base.lproj/LaunchScreen.storyboard; sourceTree = "<group>"; };
		DC05E6ED225121EB0089DF32 /* Info.plist */ = {isa = PBXFileReference; lastKnownFileType = text.plist.xml; path = Info.plist; sourceTree = "<group>"; };
		DC05E6F3225122250089DF32 /* HomeMovieCollectionViewController.swift */ = {isa = PBXFileReference; lastKnownFileType = sourcecode.swift; path = HomeMovieCollectionViewController.swift; sourceTree = "<group>"; };
		DC05E6F52251229F0089DF32 /* MovieCollectionViewCell.swift */ = {isa = PBXFileReference; lastKnownFileType = sourcecode.swift; path = MovieCollectionViewCell.swift; sourceTree = "<group>"; };
		DC078AD422528F5C00CE7D27 /* SplashScreenUiViewController.swift */ = {isa = PBXFileReference; lastKnownFileType = sourcecode.swift; path = SplashScreenUiViewController.swift; sourceTree = "<group>"; };
		DC078AD6225296DB00CE7D27 /* MainScreenTabBarController.swift */ = {isa = PBXFileReference; lastKnownFileType = sourcecode.swift; path = MainScreenTabBarController.swift; sourceTree = "<group>"; };
		DC078AD82252979700CE7D27 /* NavigationScreen.swift */ = {isa = PBXFileReference; lastKnownFileType = sourcecode.swift; path = NavigationScreen.swift; sourceTree = "<group>"; };
		DC078ADC2252A23F00CE7D27 /* logo.png */ = {isa = PBXFileReference; lastKnownFileType = image.png; path = logo.png; sourceTree = SOURCE_ROOT; };
		DC0CB8F62252BEA900BF65E7 /* MovieDetailsViewController.swift */ = {isa = PBXFileReference; lastKnownFileType = sourcecode.swift; path = MovieDetailsViewController.swift; sourceTree = "<group>"; };
		DC1139A42257AED100424604 /* Trailer.swift */ = {isa = PBXFileReference; lastKnownFileType = sourcecode.swift; path = Trailer.swift; sourceTree = "<group>"; };
		DC1139A62257AEFF00424604 /* Review.swift */ = {isa = PBXFileReference; lastKnownFileType = sourcecode.swift; path = Review.swift; sourceTree = "<group>"; };
		DC37D2D72252A03D009348DE /* AppConstants.swift */ = {isa = PBXFileReference; lastKnownFileType = sourcecode.swift; path = AppConstants.swift; sourceTree = "<group>"; };
		DC37D2DB2252A1EB009348DE /* Movie.swift */ = {isa = PBXFileReference; lastKnownFileType = sourcecode.swift; path = Movie.swift; sourceTree = "<group>"; };
		DC7B0C4D2252C836007874A8 /* MovieTrailersTableCell.swift */ = {isa = PBXFileReference; lastKnownFileType = sourcecode.swift; path = MovieTrailersTableCell.swift; sourceTree = "<group>"; };
		DC8B3F22225677CF002F2786 /* MovieDao.swift */ = {isa = PBXFileReference; lastKnownFileType = sourcecode.swift; path = MovieDao.swift; sourceTree = "<group>"; };
		DCD20F22225675C100A5B11E /* Utilities.swift */ = {isa = PBXFileReference; lastKnownFileType = sourcecode.swift; path = Utilities.swift; sourceTree = "<group>"; };
/* End PBXFileReference section */

/* Begin PBXFrameworksBuildPhase section */
		DC05E6D8225121EB0089DF32 /* Frameworks */ = {
			isa = PBXFrameworksBuildPhase;
			buildActionMask = 2147483647;
			files = (
				E8BDBA6DEAB547DD288B2820 /* Pods_test.framework in Frameworks */,
			);
			runOnlyForDeploymentPostprocessing = 0;
		};
/* End PBXFrameworksBuildPhase section */

/* Begin PBXGroup section */
		AE9A74DED6E4D997A54FF579 /* Frameworks */ = {
			isa = PBXGroup;
			children = (
				A599A047BD8BE84A4DCCA4CC /* Pods_test.framework */,
			);
			name = Frameworks;
			sourceTree = "<group>";
		};
		B8F79AB700A3EE8262D5359C /* Pods */ = {
			isa = PBXGroup;
			children = (
				C3AC3C76FBCDED21CB08FC3B /* Pods-test.debug.xcconfig */,
				0B25721841ACB4F280463A55 /* Pods-test.release.xcconfig */,
			);
			path = Pods;
			sourceTree = "<group>";
		};
		DC05E6D2225121EB0089DF32 = {
			isa = PBXGroup;
			children = (
				DC05E6DD225121EB0089DF32 /* test */,
				DC05E6DC225121EB0089DF32 /* Products */,
				B8F79AB700A3EE8262D5359C /* Pods */,
				AE9A74DED6E4D997A54FF579 /* Frameworks */,
			);
			sourceTree = "<group>";
		};
		DC05E6DC225121EB0089DF32 /* Products */ = {
			isa = PBXGroup;
			children = (
				DC05E6DB225121EB0089DF32 /* test.app */,
			);
			name = Products;
			sourceTree = "<group>";
		};
		DC05E6DD225121EB0089DF32 /* test */ = {
			isa = PBXGroup;
			children = (
				DC078ADC2252A23F00CE7D27 /* logo.png */,
				DCFDBD5A225414F600049547 /* dao */,
				DC37D2DD2252A204009348DE /* Pojos */,
				DC37D2D72252A03D009348DE /* AppConstants.swift */,
				DC05E6DE225121EB0089DF32 /* AppDelegate.swift */,
				DC05E6E2225121EB0089DF32 /* Main.storyboard */,
				DC05E6E8225121EB0089DF32 /* Assets.xcassets */,
				DC05E6EA225121EB0089DF32 /* LaunchScreen.storyboard */,
				DC05E6ED225121EB0089DF32 /* Info.plist */,
				DC05E6E5225121EB0089DF32 /* test.xcdatamodeld */,
				DC05E6F3225122250089DF32 /* HomeMovieCollectionViewController.swift */,
				DC05E6F52251229F0089DF32 /* MovieCollectionViewCell.swift */,
				DC078AD422528F5C00CE7D27 /* SplashScreenUiViewController.swift */,
				DC7B0C4D2252C836007874A8 /* MovieTrailersTableCell.swift */,
				DC078AD6225296DB00CE7D27 /* MainScreenTabBarController.swift */,
				DC078AD82252979700CE7D27 /* NavigationScreen.swift */,
				DC0CB8F62252BEA900BF65E7 /* MovieDetailsViewController.swift */,
				DCD20F22225675C100A5B11E /* Utilities.swift */,
			);
			path = test;
			sourceTree = "<group>";
		};
		DC37D2DD2252A204009348DE /* Pojos */ = {
			isa = PBXGroup;
			children = (
				DC37D2DB2252A1EB009348DE /* Movie.swift */,
				DC1139A42257AED100424604 /* Trailer.swift */,
				DC1139A62257AEFF00424604 /* Review.swift */,
			);
			name = Pojos;
			path = "New Group";
			sourceTree = "<group>";
		};
		DCFDBD5A225414F600049547 /* dao */ = {
			isa = PBXGroup;
			children = (
				DC8B3F22225677CF002F2786 /* MovieDao.swift */,
			);
			path = dao;
			sourceTree = "<group>";
		};
/* End PBXGroup section */

/* Begin PBXNativeTarget section */
		DC05E6DA225121EB0089DF32 /* test */ = {
			isa = PBXNativeTarget;
			buildConfigurationList = DC05E6F0225121EB0089DF32 /* Build configuration list for PBXNativeTarget "test" */;
			buildPhases = (
				5FE1B418A703011F9292B7AA /* [CP] Check Pods Manifest.lock */,
				DC05E6D7225121EB0089DF32 /* Sources */,
				DC05E6D8225121EB0089DF32 /* Frameworks */,
				DC05E6D9225121EB0089DF32 /* Resources */,
				F249E835B6A930280E5ECB90 /* [CP] Embed Pods Frameworks */,
			);
			buildRules = (
			);
			dependencies = (
			);
			name = test;
			productName = test;
			productReference = DC05E6DB225121EB0089DF32 /* test.app */;
			productType = "com.apple.product-type.application";
		};
/* End PBXNativeTarget section */

/* Begin PBXProject section */
		DC05E6D3225121EB0089DF32 /* Project object */ = {
			isa = PBXProject;
			attributes = {
				LastSwiftUpdateCheck = 0920;
				LastUpgradeCheck = 0920;
				ORGANIZATIONNAME = com.AbdoAmin;
				TargetAttributes = {
					DC05E6DA225121EB0089DF32 = {
						CreatedOnToolsVersion = 9.2;
						ProvisioningStyle = Automatic;
					};
				};
			};
			buildConfigurationList = DC05E6D6225121EB0089DF32 /* Build configuration list for PBXProject "test" */;
			compatibilityVersion = "Xcode 8.0";
			developmentRegion = en;
			hasScannedForEncodings = 0;
			knownRegions = (
				en,
				Base,
			);
			mainGroup = DC05E6D2225121EB0089DF32;
			productRefGroup = DC05E6DC225121EB0089DF32 /* Products */;
			projectDirPath = "";
			projectRoot = "";
			targets = (
				DC05E6DA225121EB0089DF32 /* test */,
			);
		};
/* End PBXProject section */

/* Begin PBXResourcesBuildPhase section */
		DC05E6D9225121EB0089DF32 /* Resources */ = {
			isa = PBXResourcesBuildPhase;
			buildActionMask = 2147483647;
			files = (
				DC078ADD2252A24000CE7D27 /* logo.png in Resources */,
				DC05E6EC225121EB0089DF32 /* LaunchScreen.storyboard in Resources */,
				DC05E6E9225121EB0089DF32 /* Assets.xcassets in Resources */,
				DC05E6E4225121EB0089DF32 /* Main.storyboard in Resources */,
			);
			runOnlyForDeploymentPostprocessing = 0;
		};
/* End PBXResourcesBuildPhase section */

/* Begin PBXShellScriptBuildPhase section */
		5FE1B418A703011F9292B7AA /* [CP] Check Pods Manifest.lock */ = {
			isa = PBXShellScriptBuildPhase;
			buildActionMask = 2147483647;
			files = (
			);
			inputPaths = (
				"${PODS_PODFILE_DIR_PATH}/Podfile.lock",
				"${PODS_ROOT}/Manifest.lock",
			);
			name = "[CP] Check Pods Manifest.lock";
			outputPaths = (
				"$(DERIVED_FILE_DIR)/Pods-test-checkManifestLockResult.txt",
			);
			runOnlyForDeploymentPostprocessing = 0;
			shellPath = /bin/sh;
			shellScript = "diff \"${PODS_PODFILE_DIR_PATH}/Podfile.lock\" \"${PODS_ROOT}/Manifest.lock\" > /dev/null\nif [ $? != 0 ] ; then\n    # print error to STDERR\n    echo \"error: The sandbox is not in sync with the Podfile.lock. Run 'pod install' or update your CocoaPods installation.\" >&2\n    exit 1\nfi\n# This output is used by Xcode 'outputs' to avoid re-running this script phase.\necho \"SUCCESS\" > \"${SCRIPT_OUTPUT_FILE_0}\"\n";
			showEnvVarsInLog = 0;
		};
		F249E835B6A930280E5ECB90 /* [CP] Embed Pods Frameworks */ = {
			isa = PBXShellScriptBuildPhase;
			buildActionMask = 2147483647;
			files = (
			);
			inputPaths = (
				"${PODS_ROOT}/Target Support Files/Pods-test/Pods-test-frameworks.sh",
				"${BUILT_PRODUCTS_DIR}/Alamofire/Alamofire.framework",
				"${BUILT_PRODUCTS_DIR}/Cosmos/Cosmos.framework",
				"${BUILT_PRODUCTS_DIR}/SDWebImage/SDWebImage.framework",
				"${BUILT_PRODUCTS_DIR}/SwiftyJSON/SwiftyJSON.framework",
			);
			name = "[CP] Embed Pods Frameworks";
			outputPaths = (
				"${TARGET_BUILD_DIR}/${FRAMEWORKS_FOLDER_PATH}/Alamofire.framework",
				"${TARGET_BUILD_DIR}/${FRAMEWORKS_FOLDER_PATH}/Cosmos.framework",
				"${TARGET_BUILD_DIR}/${FRAMEWORKS_FOLDER_PATH}/SDWebImage.framework",
				"${TARGET_BUILD_DIR}/${FRAMEWORKS_FOLDER_PATH}/SwiftyJSON.framework",
			);
			runOnlyForDeploymentPostprocessing = 0;
			shellPath = /bin/sh;
			shellScript = "\"${PODS_ROOT}/Target Support Files/Pods-test/Pods-test-frameworks.sh\"\n";
			showEnvVarsInLog = 0;
		};
/* End PBXShellScriptBuildPhase section */

/* Begin PBXSourcesBuildPhase section */
		DC05E6D7225121EB0089DF32 /* Sources */ = {
			isa = PBXSourcesBuildPhase;
			buildActionMask = 2147483647;
			files = (
				DC0CB8F72252BEA900BF65E7 /* MovieDetailsViewController.swift in Sources */,
				DC078AD522528F5C00CE7D27 /* SplashScreenUiViewController.swift in Sources */,
				DCD20F23225675C100A5B11E /* Utilities.swift in Sources */,
				DC05E6DF225121EB0089DF32 /* AppDelegate.swift in Sources */,
				DC05E6F62251229F0089DF32 /* MovieCollectionViewCell.swift in Sources */,
				DC1139A72257AEFF00424604 /* Review.swift in Sources */,
				DC1139A52257AED100424604 /* Trailer.swift in Sources */,
				DC37D2D82252A03D009348DE /* AppConstants.swift in Sources */,
				DC05E6F4225122250089DF32 /* HomeMovieCollectionViewController.swift in Sources */,
				DC37D2DC2252A1EB009348DE /* Movie.swift in Sources */,
				DCFDBD5C2254151C00049547 /* BuildFile in Sources */,
				DC7B0C4E2252C836007874A8 /* MovieTrailersTableCell.swift in Sources */,
				DC078AD92252979700CE7D27 /* NavigationScreen.swift in Sources */,
				DC8B3F23225677CF002F2786 /* MovieDao.swift in Sources */,
				DC05E6E7225121EB0089DF32 /* test.xcdatamodeld in Sources */,
				DC078AD7225296DB00CE7D27 /* MainScreenTabBarController.swift in Sources */,
			);
			runOnlyForDeploymentPostprocessing = 0;
		};
/* End PBXSourcesBuildPhase section */

/* Begin PBXVariantGroup section */
		DC05E6E2225121EB0089DF32 /* Main.storyboard */ = {
			isa = PBXVariantGroup;
			children = (
				DC05E6E3225121EB0089DF32 /* Base */,
			);
			name = Main.storyboard;
			sourceTree = "<group>";
		};
		DC05E6EA225121EB0089DF32 /* LaunchScreen.storyboard */ = {
			isa = PBXVariantGroup;
			children = (
				DC05E6EB225121EB0089DF32 /* Base */,
			);
			name = LaunchScreen.storyboard;
			sourceTree = "<group>";
		};
/* End PBXVariantGroup section */

/* Begin XCBuildConfiguration section */
		DC05E6EE225121EB0089DF32 /* Debug */ = {
			isa = XCBuildConfiguration;
			buildSettings = {
				ALWAYS_SEARCH_USER_PATHS = NO;
				CLANG_ANALYZER_NONNULL = YES;
				CLANG_ANALYZER_NUMBER_OBJECT_CONVERSION = YES_AGGRESSIVE;
				CLANG_CXX_LANGUAGE_STANDARD = "gnu++14";
				CLANG_CXX_LIBRARY = "libc++";
				CLANG_ENABLE_MODULES = YES;
				CLANG_ENABLE_OBJC_ARC = YES;
				CLANG_WARN_BLOCK_CAPTURE_AUTORELEASING = YES;
				CLANG_WARN_BOOL_CONVERSION = YES;
				CLANG_WARN_COMMA = YES;
				CLANG_WARN_CONSTANT_CONVERSION = YES;
				CLANG_WARN_DIRECT_OBJC_ISA_USAGE = YES_ERROR;
				CLANG_WARN_DOCUMENTATION_COMMENTS = YES;
				CLANG_WARN_EMPTY_BODY = YES;
				CLANG_WARN_ENUM_CONVERSION = YES;
				CLANG_WARN_INFINITE_RECURSION = YES;
				CLANG_WARN_INT_CONVERSION = YES;
				CLANG_WARN_NON_LITERAL_NULL_CONVERSION = YES;
				CLANG_WARN_OBJC_LITERAL_CONVERSION = YES;
				CLANG_WARN_OBJC_ROOT_CLASS = YES_ERROR;
				CLANG_WARN_RANGE_LOOP_ANALYSIS = YES;
				CLANG_WARN_STRICT_PROTOTYPES = YES;
				CLANG_WARN_SUSPICIOUS_MOVE = YES;
				CLANG_WARN_UNGUARDED_AVAILABILITY = YES_AGGRESSIVE;
				CLANG_WARN_UNREACHABLE_CODE = YES;
				CLANG_WARN__DUPLICATE_METHOD_MATCH = YES;
				CODE_SIGN_IDENTITY = "iPhone Developer";
				COPY_PHASE_STRIP = NO;
				DEBUG_INFORMATION_FORMAT = dwarf;
				ENABLE_STRICT_OBJC_MSGSEND = YES;
				ENABLE_TESTABILITY = YES;
				GCC_C_LANGUAGE_STANDARD = gnu11;
				GCC_DYNAMIC_NO_PIC = NO;
				GCC_NO_COMMON_BLOCKS = YES;
				GCC_OPTIMIZATION_LEVEL = 0;
				GCC_PREPROCESSOR_DEFINITIONS = (
					"DEBUG=1",
					"$(inherited)",
				);
				GCC_WARN_64_TO_32_BIT_CONVERSION = YES;
				GCC_WARN_ABOUT_RETURN_TYPE = YES_ERROR;
				GCC_WARN_UNDECLARED_SELECTOR = YES;
				GCC_WARN_UNINITIALIZED_AUTOS = YES_AGGRESSIVE;
				GCC_WARN_UNUSED_FUNCTION = YES;
				GCC_WARN_UNUSED_VARIABLE = YES;
				IPHONEOS_DEPLOYMENT_TARGET = 11.2;
				MTL_ENABLE_DEBUG_INFO = YES;
				ONLY_ACTIVE_ARCH = YES;
				SDKROOT = iphoneos;
				SWIFT_ACTIVE_COMPILATION_CONDITIONS = DEBUG;
				SWIFT_OPTIMIZATION_LEVEL = "-Onone";
			};
			name = Debug;
		};
		DC05E6EF225121EB0089DF32 /* Release */ = {
			isa = XCBuildConfiguration;
			buildSettings = {
				ALWAYS_SEARCH_USER_PATHS = NO;
				CLANG_ANALYZER_NONNULL = YES;
				CLANG_ANALYZER_NUMBER_OBJECT_CONVERSION = YES_AGGRESSIVE;
				CLANG_CXX_LANGUAGE_STANDARD = "gnu++14";
				CLANG_CXX_LIBRARY = "libc++";
				CLANG_ENABLE_MODULES = YES;
				CLANG_ENABLE_OBJC_ARC = YES;
				CLANG_WARN_BLOCK_CAPTURE_AUTORELEASING = YES;
				CLANG_WARN_BOOL_CONVERSION = YES;
				CLANG_WARN_COMMA = YES;
				CLANG_WARN_CONSTANT_CONVERSION = YES;
				CLANG_WARN_DIRECT_OBJC_ISA_USAGE = YES_ERROR;
				CLANG_WARN_DOCUMENTATION_COMMENTS = YES;
				CLANG_WARN_EMPTY_BODY = YES;
				CLANG_WARN_ENUM_CONVERSION = YES;
				CLANG_WARN_INFINITE_RECURSION = YES;
				CLANG_WARN_INT_CONVERSION = YES;
				CLANG_WARN_NON_LITERAL_NULL_CONVERSION = YES;
				CLANG_WARN_OBJC_LITERAL_CONVERSION = YES;
				CLANG_WARN_OBJC_ROOT_CLASS = YES_ERROR;
				CLANG_WARN_RANGE_LOOP_ANALYSIS = YES;
				CLANG_WARN_STRICT_PROTOTYPES = YES;
				CLANG_WARN_SUSPICIOUS_MOVE = YES;
				CLANG_WARN_UNGUARDED_AVAILABILITY = YES_AGGRESSIVE;
				CLANG_WARN_UNREACHABLE_CODE = YES;
				CLANG_WARN__DUPLICATE_METHOD_MATCH = YES;
				CODE_SIGN_IDENTITY = "iPhone Developer";
				COPY_PHASE_STRIP = NO;
				DEBUG_INFORMATION_FORMAT = "dwarf-with-dsym";
				ENABLE_NS_ASSERTIONS = NO;
				ENABLE_STRICT_OBJC_MSGSEND = YES;
				GCC_C_LANGUAGE_STANDARD = gnu11;
				GCC_NO_COMMON_BLOCKS = YES;
				GCC_WARN_64_TO_32_BIT_CONVERSION = YES;
				GCC_WARN_ABOUT_RETURN_TYPE = YES_ERROR;
				GCC_WARN_UNDECLARED_SELECTOR = YES;
				GCC_WARN_UNINITIALIZED_AUTOS = YES_AGGRESSIVE;
				GCC_WARN_UNUSED_FUNCTION = YES;
				GCC_WARN_UNUSED_VARIABLE = YES;
				IPHONEOS_DEPLOYMENT_TARGET = 11.2;
				MTL_ENABLE_DEBUG_INFO = NO;
				SDKROOT = iphoneos;
				SWIFT_OPTIMIZATION_LEVEL = "-Owholemodule";
				VALIDATE_PRODUCT = YES;
			};
			name = Release;
		};
		DC05E6F1225121EB0089DF32 /* Debug */ = {
			isa = XCBuildConfiguration;
			baseConfigurationReference = C3AC3C76FBCDED21CB08FC3B /* Pods-test.debug.xcconfig */;
			buildSettings = {
				ASSETCATALOG_COMPILER_APPICON_NAME = AppIcon;
				CODE_SIGN_STYLE = Automatic;
				INFOPLIST_FILE = test/Info.plist;
				LD_RUNPATH_SEARCH_PATHS = "$(inherited) @executable_path/Frameworks";
				PRODUCT_BUNDLE_IDENTIFIER = Anas.AbdoAmin;
				PRODUCT_NAME = "$(TARGET_NAME)";
				SWIFT_VERSION = 4.0;
				TARGETED_DEVICE_FAMILY = "1,2";
			};
			name = Debug;
		};
		DC05E6F2225121EB0089DF32 /* Release */ = {
			isa = XCBuildConfiguration;
			baseConfigurationReference = 0B25721841ACB4F280463A55 /* Pods-test.release.xcconfig */;
			buildSettings = {
				ASSETCATALOG_COMPILER_APPICON_NAME = AppIcon;
				CODE_SIGN_STYLE = Automatic;
				INFOPLIST_FILE = test/Info.plist;
				LD_RUNPATH_SEARCH_PATHS = "$(inherited) @executable_path/Frameworks";
				PRODUCT_BUNDLE_IDENTIFIER = Anas.AbdoAmin;
				PRODUCT_NAME = "$(TARGET_NAME)";
				SWIFT_VERSION = 4.0;
				TARGETED_DEVICE_FAMILY = "1,2";
			};
			name = Release;
		};
/* End XCBuildConfiguration section */

/* Begin XCConfigurationList section */
		DC05E6D6225121EB0089DF32 /* Build configuration list for PBXProject "test" */ = {
			isa = XCConfigurationList;
			buildConfigurations = (
				DC05E6EE225121EB0089DF32 /* Debug */,
				DC05E6EF225121EB0089DF32 /* Release */,
			);
			defaultConfigurationIsVisible = 0;
			defaultConfigurationName = Release;
		};
		DC05E6F0225121EB0089DF32 /* Build configuration list for PBXNativeTarget "test" */ = {
			isa = XCConfigurationList;
			buildConfigurations = (
				DC05E6F1225121EB0089DF32 /* Debug */,
				DC05E6F2225121EB0089DF32 /* Release */,
			);
			defaultConfigurationIsVisible = 0;
			defaultConfigurationName = Release;
		};
/* End XCConfigurationList section */

/* Begin XCVersionGroup section */
		DC05E6E5225121EB0089DF32 /* test.xcdatamodeld */ = {
			isa = XCVersionGroup;
			children = (
				DC05E6E6225121EB0089DF32 /* test.xcdatamodel */,
			);
			currentVersion = DC05E6E6225121EB0089DF32 /* test.xcdatamodel */;
			path = test.xcdatamodeld;
			sourceTree = "<group>";
			versionGroupType = wrapper.xcdatamodel;
		};
/* End XCVersionGroup section */
	};
	rootObject = DC05E6D3225121EB0089DF32 /* Project object */;
}
